// !$*UTF8*$!
{
	archiveVersion = 1;
	classes = {
	};
	objectVersion = 46;
	objects = {

/* Begin PBXBuildFile section */
		43A50574EAF22DAAF9848441 /* libPods-HandyPOS_Cashier.a in Frameworks */ = {isa = PBXBuildFile; fileRef = 003BB8F8E758F3C826F4195A /* libPods-HandyPOS_Cashier.a */; };
		67307FC41B6B13A800B9ED26 /* DBHelper.m in Sources */ = {isa = PBXBuildFile; fileRef = 67307FC31B6B13A800B9ED26 /* DBHelper.m */; };
		673482851B6B052C000D3DE5 /* NetworkManager.m in Sources */ = {isa = PBXBuildFile; fileRef = 673482841B6B052C000D3DE5 /* NetworkManager.m */; };
		67567DD31B78317C00425DD5 /* libCMP20DRIVER.a in Frameworks */ = {isa = PBXBuildFile; fileRef = 67567DD21B78317C00425DD5 /* libCMP20DRIVER.a */; };
		676361111B6F22A70095071F /* PayController.m in Sources */ = {isa = PBXBuildFile; fileRef = 676361101B6F22A70095071F /* PayController.m */; };
		676361131B6F5B940095071F /* AudioToolbox.framework in Frameworks */ = {isa = PBXBuildFile; fileRef = 676361121B6F5B940095071F /* AudioToolbox.framework */; };
		676361161B6F5CA80095071F /* click.wav in Resources */ = {isa = PBXBuildFile; fileRef = 676361151B6F5CA80095071F /* click.wav */; };
		677370921B6AE99F00E0F020 /* main.m in Sources */ = {isa = PBXBuildFile; fileRef = 677370911B6AE99F00E0F020 /* main.m */; };
		677370951B6AE99F00E0F020 /* AppDelegate.m in Sources */ = {isa = PBXBuildFile; fileRef = 677370941B6AE99F00E0F020 /* AppDelegate.m */; };
		677370981B6AE99F00E0F020 /* Home.m in Sources */ = {isa = PBXBuildFile; fileRef = 677370971B6AE99F00E0F020 /* Home.m */; };
		6773709B1B6AE99F00E0F020 /* Main.storyboard in Resources */ = {isa = PBXBuildFile; fileRef = 677370991B6AE99F00E0F020 /* Main.storyboard */; };
		6773709E1B6AE99F00E0F020 /* HandyPOS_Cashier.xcdatamodeld in Sources */ = {isa = PBXBuildFile; fileRef = 6773709C1B6AE99F00E0F020 /* HandyPOS_Cashier.xcdatamodeld */; };
		677370A01B6AE99F00E0F020 /* Assets.xcassets in Resources */ = {isa = PBXBuildFile; fileRef = 6773709F1B6AE99F00E0F020 /* Assets.xcassets */; };
		677370A31B6AE99F00E0F020 /* LaunchScreen.storyboard in Resources */ = {isa = PBXBuildFile; fileRef = 677370A11B6AE99F00E0F020 /* LaunchScreen.storyboard */; };
		677F4C891B70442600FD39A9 /* Helper.m in Sources */ = {isa = PBXBuildFile; fileRef = 677F4C881B70442600FD39A9 /* Helper.m */; };
		677F4C8C1B705E3000FD39A9 /* Transaction.m in Sources */ = {isa = PBXBuildFile; fileRef = 677F4C8B1B705E3000FD39A9 /* Transaction.m */; };
		677F4C8F1B705F0700FD39A9 /* Payment.m in Sources */ = {isa = PBXBuildFile; fileRef = 677F4C8E1B705F0700FD39A9 /* Payment.m */; };
		678047F11B6B34D6001C1A21 /* Receipt.m in Sources */ = {isa = PBXBuildFile; fileRef = 678047F01B6B34D6001C1A21 /* Receipt.m */; };
		6790C5371B7466FD0018AFA3 /* libPrinter_160.a in Frameworks */ = {isa = PBXBuildFile; fileRef = 6790C5361B7466FD0018AFA3 /* libPrinter_160.a */; };
		6790C5411B74749C0018AFA3 /* footer.txt in Resources */ = {isa = PBXBuildFile; fileRef = 6790C5401B74749C0018AFA3 /* footer.txt */; settings = {ASSET_TAGS = (); }; };
		67A5A19C1B748A0E0043DE95 /* ReceiptPrinter.m in Sources */ = {isa = PBXBuildFile; fileRef = 67A5A19B1B748A0E0043DE95 /* ReceiptPrinter.m */; };
		67E664C31B6B026700BCBD9A /* ExternalAccessory.framework in Frameworks */ = {isa = PBXBuildFile; fileRef = 67E664C21B6B026700BCBD9A /* ExternalAccessory.framework */; };
/* End PBXBuildFile section */

/* Begin PBXFileReference section */
		003BB8F8E758F3C826F4195A /* libPods-HandyPOS_Cashier.a */ = {isa = PBXFileReference; explicitFileType = archive.ar; includeInIndex = 0; path = "libPods-HandyPOS_Cashier.a"; sourceTree = BUILT_PRODUCTS_DIR; };
		0AE6E57917E052ED17720F4B /* Pods-HandyPOS_Cashier.debug.xcconfig */ = {isa = PBXFileReference; includeInIndex = 1; lastKnownFileType = text.xcconfig; name = "Pods-HandyPOS_Cashier.debug.xcconfig"; path = "Pods/Target Support Files/Pods-HandyPOS_Cashier/Pods-HandyPOS_Cashier.debug.xcconfig"; sourceTree = "<group>"; };
		67307FC21B6B13A800B9ED26 /* DBHelper.h */ = {isa = PBXFileReference; fileEncoding = 4; lastKnownFileType = sourcecode.c.h; path = DBHelper.h; sourceTree = "<group>"; };
		67307FC31B6B13A800B9ED26 /* DBHelper.m */ = {isa = PBXFileReference; fileEncoding = 4; lastKnownFileType = sourcecode.c.objc; path = DBHelper.m; sourceTree = "<group>"; };
		673482831B6B052C000D3DE5 /* NetworkManager.h */ = {isa = PBXFileReference; fileEncoding = 4; lastKnownFileType = sourcecode.c.h; path = NetworkManager.h; sourceTree = "<group>"; };
		673482841B6B052C000D3DE5 /* NetworkManager.m */ = {isa = PBXFileReference; fileEncoding = 4; lastKnownFileType = sourcecode.c.objc; path = NetworkManager.m; sourceTree = "<group>"; };
		67567DD21B78317C00425DD5 /* libCMP20DRIVER.a */ = {isa = PBXFileReference; lastKnownFileType = archive.ar; name = libCMP20DRIVER.a; path = Library/libCMP20DRIVER.a; sourceTree = "<group>"; };
		6763610F1B6F22A70095071F /* PayController.h */ = {isa = PBXFileReference; fileEncoding = 4; lastKnownFileType = sourcecode.c.h; path = PayController.h; sourceTree = "<group>"; };
		676361101B6F22A70095071F /* PayController.m */ = {isa = PBXFileReference; fileEncoding = 4; lastKnownFileType = sourcecode.c.objc; path = PayController.m; sourceTree = "<group>"; };
		676361121B6F5B940095071F /* AudioToolbox.framework */ = {isa = PBXFileReference; lastKnownFileType = wrapper.framework; name = AudioToolbox.framework; path = System/Library/Frameworks/AudioToolbox.framework; sourceTree = SDKROOT; };
		676361151B6F5CA80095071F /* click.wav */ = {isa = PBXFileReference; lastKnownFileType = audio.wav; path = click.wav; sourceTree = "<group>"; };
		6773708D1B6AE99F00E0F020 /* HandyPOS_Cashier.app */ = {isa = PBXFileReference; explicitFileType = wrapper.application; includeInIndex = 0; path = HandyPOS_Cashier.app; sourceTree = BUILT_PRODUCTS_DIR; };
		677370911B6AE99F00E0F020 /* main.m */ = {isa = PBXFileReference; lastKnownFileType = sourcecode.c.objc; path = main.m; sourceTree = "<group>"; };
		677370931B6AE99F00E0F020 /* AppDelegate.h */ = {isa = PBXFileReference; lastKnownFileType = sourcecode.c.h; path = AppDelegate.h; sourceTree = "<group>"; };
		677370941B6AE99F00E0F020 /* AppDelegate.m */ = {isa = PBXFileReference; lastKnownFileType = sourcecode.c.objc; path = AppDelegate.m; sourceTree = "<group>"; };
		677370961B6AE99F00E0F020 /* Home.h */ = {isa = PBXFileReference; lastKnownFileType = sourcecode.c.h; path = Home.h; sourceTree = "<group>"; };
		677370971B6AE99F00E0F020 /* Home.m */ = {isa = PBXFileReference; lastKnownFileType = sourcecode.c.objc; path = Home.m; sourceTree = "<group>"; };
		6773709A1B6AE99F00E0F020 /* Base */ = {isa = PBXFileReference; lastKnownFileType = file.storyboard; name = Base; path = Base.lproj/Main.storyboard; sourceTree = "<group>"; };
		6773709D1B6AE99F00E0F020 /* HandyPOS_Cashier.xcdatamodel */ = {isa = PBXFileReference; lastKnownFileType = wrapper.xcdatamodel; path = HandyPOS_Cashier.xcdatamodel; sourceTree = "<group>"; };
		6773709F1B6AE99F00E0F020 /* Assets.xcassets */ = {isa = PBXFileReference; lastKnownFileType = folder.assetcatalog; path = Assets.xcassets; sourceTree = "<group>"; };
		677370A21B6AE99F00E0F020 /* Base */ = {isa = PBXFileReference; lastKnownFileType = file.storyboard; name = Base; path = Base.lproj/LaunchScreen.storyboard; sourceTree = "<group>"; };
		677370A41B6AE99F00E0F020 /* Info.plist */ = {isa = PBXFileReference; lastKnownFileType = text.plist.xml; path = Info.plist; sourceTree = "<group>"; };
		677F4C871B70442600FD39A9 /* Helper.h */ = {isa = PBXFileReference; fileEncoding = 4; lastKnownFileType = sourcecode.c.h; path = Helper.h; sourceTree = "<group>"; };
		677F4C881B70442600FD39A9 /* Helper.m */ = {isa = PBXFileReference; fileEncoding = 4; lastKnownFileType = sourcecode.c.objc; path = Helper.m; sourceTree = "<group>"; };
		677F4C8A1B705E3000FD39A9 /* Transaction.h */ = {isa = PBXFileReference; fileEncoding = 4; lastKnownFileType = sourcecode.c.h; path = Transaction.h; sourceTree = "<group>"; };
		677F4C8B1B705E3000FD39A9 /* Transaction.m */ = {isa = PBXFileReference; fileEncoding = 4; lastKnownFileType = sourcecode.c.objc; path = Transaction.m; sourceTree = "<group>"; };
		677F4C8D1B705F0700FD39A9 /* Payment.h */ = {isa = PBXFileReference; fileEncoding = 4; lastKnownFileType = sourcecode.c.h; path = Payment.h; sourceTree = "<group>"; };
		677F4C8E1B705F0700FD39A9 /* Payment.m */ = {isa = PBXFileReference; fileEncoding = 4; lastKnownFileType = sourcecode.c.objc; path = Payment.m; sourceTree = "<group>"; };
		678047EF1B6B34D6001C1A21 /* Receipt.h */ = {isa = PBXFileReference; fileEncoding = 4; lastKnownFileType = sourcecode.c.h; path = Receipt.h; sourceTree = "<group>"; };
		678047F01B6B34D6001C1A21 /* Receipt.m */ = {isa = PBXFileReference; fileEncoding = 4; lastKnownFileType = sourcecode.c.objc; path = Receipt.m; sourceTree = "<group>"; };
		6790C5311B7464EA0018AFA3 /* CallbackData.h */ = {isa = PBXFileReference; fileEncoding = 4; lastKnownFileType = sourcecode.c.h; path = CallbackData.h; sourceTree = "<group>"; };
		6790C5321B7464EA0018AFA3 /* ESCPOSPrinter.h */ = {isa = PBXFileReference; fileEncoding = 4; lastKnownFileType = sourcecode.c.h; path = ESCPOSPrinter.h; sourceTree = "<group>"; };
		6790C5361B7466FD0018AFA3 /* libPrinter_160.a */ = {isa = PBXFileReference; lastKnownFileType = archive.ar; name = libPrinter_160.a; path = ../../../libPrinter_160.a; sourceTree = "<group>"; };
		6790C5401B74749C0018AFA3 /* footer.txt */ = {isa = PBXFileReference; fileEncoding = 4; lastKnownFileType = text; path = footer.txt; sourceTree = "<group>"; };
		6790C5431B7475CD0018AFA3 /* CMP20DRIVER.h */ = {isa = PBXFileReference; fileEncoding = 4; lastKnownFileType = sourcecode.c.h; path = CMP20DRIVER.h; sourceTree = "<group>"; };
		67A5A19A1B748A0E0043DE95 /* ReceiptPrinter.h */ = {isa = PBXFileReference; fileEncoding = 4; lastKnownFileType = sourcecode.c.h; path = ReceiptPrinter.h; sourceTree = "<group>"; };
		67A5A19B1B748A0E0043DE95 /* ReceiptPrinter.m */ = {isa = PBXFileReference; fileEncoding = 4; lastKnownFileType = sourcecode.c.objc; path = ReceiptPrinter.m; sourceTree = "<group>"; };
		67E664C21B6B026700BCBD9A /* ExternalAccessory.framework */ = {isa = PBXFileReference; lastKnownFileType = wrapper.framework; name = ExternalAccessory.framework; path = System/Library/Frameworks/ExternalAccessory.framework; sourceTree = SDKROOT; };
		AB9760A341B71E67CB793568 /* Pods-HandyPOS_Cashier.release.xcconfig */ = {isa = PBXFileReference; includeInIndex = 1; lastKnownFileType = text.xcconfig; name = "Pods-HandyPOS_Cashier.release.xcconfig"; path = "Pods/Target Support Files/Pods-HandyPOS_Cashier/Pods-HandyPOS_Cashier.release.xcconfig"; sourceTree = "<group>"; };
/* End PBXFileReference section */

/* Begin PBXFrameworksBuildPhase section */
		6773708A1B6AE99F00E0F020 /* Frameworks */ = {
			isa = PBXFrameworksBuildPhase;
			buildActionMask = 2147483647;
			files = (
				67567DD31B78317C00425DD5 /* libCMP20DRIVER.a in Frameworks */,
				6790C5371B7466FD0018AFA3 /* libPrinter_160.a in Frameworks */,
				676361131B6F5B940095071F /* AudioToolbox.framework in Frameworks */,
				67E664C31B6B026700BCBD9A /* ExternalAccessory.framework in Frameworks */,
				43A50574EAF22DAAF9848441 /* libPods-HandyPOS_Cashier.a in Frameworks */,
			);
			runOnlyForDeploymentPostprocessing = 0;
		};
/* End PBXFrameworksBuildPhase section */

/* Begin PBXGroup section */
		67307FC11B6B118E00B9ED26 /* DB */ = {
			isa = PBXGroup;
			children = (
				67307FC21B6B13A800B9ED26 /* DBHelper.h */,
				67307FC31B6B13A800B9ED26 /* DBHelper.m */,
			);
			name = DB;
			sourceTree = "<group>";
		};
		673482821B6B04C5000D3DE5 /* Connection */ = {
			isa = PBXGroup;
			children = (
				673482831B6B052C000D3DE5 /* NetworkManager.h */,
				673482841B6B052C000D3DE5 /* NetworkManager.m */,
			);
			name = Connection;
			sourceTree = "<group>";
		};
		676361141B6F5C940095071F /* Resources */ = {
			isa = PBXGroup;
			children = (
				6790C5401B74749C0018AFA3 /* footer.txt */,
				676361151B6F5CA80095071F /* click.wav */,
			);
			name = Resources;
			sourceTree = "<group>";
		};
		677370841B6AE99F00E0F020 = {
			isa = PBXGroup;
			children = (
				6773708F1B6AE99F00E0F020 /* HandyPOS_Cashier */,
				6773708E1B6AE99F00E0F020 /* Products */,
				F902D5ACA93EEA7E9833D5DA /* Pods */,
				AA7F862D6AC44805F09FED6F /* Frameworks */,
			);
			sourceTree = "<group>";
		};
		6773708E1B6AE99F00E0F020 /* Products */ = {
			isa = PBXGroup;
			children = (
				6773708D1B6AE99F00E0F020 /* HandyPOS_Cashier.app */,
			);
			name = Products;
			sourceTree = "<group>";
		};
		6773708F1B6AE99F00E0F020 /* HandyPOS_Cashier */ = {
			isa = PBXGroup;
			children = (
				6790C52D1B7463510018AFA3 /* Printer */,
				677F4C861B70440800FD39A9 /* Helpers */,
				676361141B6F5C940095071F /* Resources */,
				678047EE1B6B34B8001C1A21 /* Models */,
				67307FC11B6B118E00B9ED26 /* DB */,
				673482821B6B04C5000D3DE5 /* Connection */,
				677370931B6AE99F00E0F020 /* AppDelegate.h */,
				677370941B6AE99F00E0F020 /* AppDelegate.m */,
				677370961B6AE99F00E0F020 /* Home.h */,
				677370971B6AE99F00E0F020 /* Home.m */,
				6763610F1B6F22A70095071F /* PayController.h */,
				676361101B6F22A70095071F /* PayController.m */,
				677370991B6AE99F00E0F020 /* Main.storyboard */,
				6773709F1B6AE99F00E0F020 /* Assets.xcassets */,
				677370A11B6AE99F00E0F020 /* LaunchScreen.storyboard */,
				677370A41B6AE99F00E0F020 /* Info.plist */,
				6773709C1B6AE99F00E0F020 /* HandyPOS_Cashier.xcdatamodeld */,
				677370901B6AE99F00E0F020 /* Supporting Files */,
			);
			path = HandyPOS_Cashier;
			sourceTree = "<group>";
		};
		677370901B6AE99F00E0F020 /* Supporting Files */ = {
			isa = PBXGroup;
			children = (
				677370911B6AE99F00E0F020 /* main.m */,
			);
			name = "Supporting Files";
			sourceTree = "<group>";
		};
		677F4C861B70440800FD39A9 /* Helpers */ = {
			isa = PBXGroup;
			children = (
				677F4C871B70442600FD39A9 /* Helper.h */,
				677F4C881B70442600FD39A9 /* Helper.m */,
			);
			name = Helpers;
			sourceTree = "<group>";
		};
		678047EE1B6B34B8001C1A21 /* Models */ = {
			isa = PBXGroup;
			children = (
				678047EF1B6B34D6001C1A21 /* Receipt.h */,
				678047F01B6B34D6001C1A21 /* Receipt.m */,
				677F4C8A1B705E3000FD39A9 /* Transaction.h */,
				677F4C8B1B705E3000FD39A9 /* Transaction.m */,
				677F4C8D1B705F0700FD39A9 /* Payment.h */,
				677F4C8E1B705F0700FD39A9 /* Payment.m */,
			);
			name = Models;
			sourceTree = "<group>";
		};
		6790C52D1B7463510018AFA3 /* Printer */ = {
			isa = PBXGroup;
			children = (
				6790C5431B7475CD0018AFA3 /* CMP20DRIVER.h */,
				6790C5311B7464EA0018AFA3 /* CallbackData.h */,
				6790C5321B7464EA0018AFA3 /* ESCPOSPrinter.h */,
				67A5A19A1B748A0E0043DE95 /* ReceiptPrinter.h */,
				67A5A19B1B748A0E0043DE95 /* ReceiptPrinter.m */,
			);
			name = Printer;
			sourceTree = "<group>";
		};
		AA7F862D6AC44805F09FED6F /* Frameworks */ = {
			isa = PBXGroup;
			children = (
				67567DD21B78317C00425DD5 /* libCMP20DRIVER.a */,
				6790C5361B7466FD0018AFA3 /* libPrinter_160.a */,
				676361121B6F5B940095071F /* AudioToolbox.framework */,
				67E664C21B6B026700BCBD9A /* ExternalAccessory.framework */,
				003BB8F8E758F3C826F4195A /* libPods-HandyPOS_Cashier.a */,
			);
			name = Frameworks;
			sourceTree = "<group>";
		};
		F902D5ACA93EEA7E9833D5DA /* Pods */ = {
			isa = PBXGroup;
			children = (
				0AE6E57917E052ED17720F4B /* Pods-HandyPOS_Cashier.debug.xcconfig */,
				AB9760A341B71E67CB793568 /* Pods-HandyPOS_Cashier.release.xcconfig */,
			);
			name = Pods;
			sourceTree = "<group>";
		};
/* End PBXGroup section */

/* Begin PBXNativeTarget section */
		6773708C1B6AE99F00E0F020 /* HandyPOS_Cashier */ = {
			isa = PBXNativeTarget;
			buildConfigurationList = 677370A71B6AE99F00E0F020 /* Build configuration list for PBXNativeTarget "HandyPOS_Cashier" */;
			buildPhases = (
				586C4629F4F7F0B8F2BAD6BF /* Check Pods Manifest.lock */,
				677370891B6AE99F00E0F020 /* Sources */,
				6773708A1B6AE99F00E0F020 /* Frameworks */,
				6773708B1B6AE99F00E0F020 /* Resources */,
				E04361A2B762F02621D9261D /* Copy Pods Resources */,
			);
			buildRules = (
			);
			dependencies = (
			);
			name = HandyPOS_Cashier;
			productName = HandyPOS_Cashier;
			productReference = 6773708D1B6AE99F00E0F020 /* HandyPOS_Cashier.app */;
			productType = "com.apple.product-type.application";
		};
/* End PBXNativeTarget section */

/* Begin PBXProject section */
		677370851B6AE99F00E0F020 /* Project object */ = {
			isa = PBXProject;
			attributes = {
				LastUpgradeCheck = 0700;
				ORGANIZATIONNAME = "小泉 丈太";
				TargetAttributes = {
					6773708C1B6AE99F00E0F020 = {
						CreatedOnToolsVersion = 7.0;
						DevelopmentTeam = U9ZRHY277J;
					};
				};
			};
			buildConfigurationList = 677370881B6AE99F00E0F020 /* Build configuration list for PBXProject "HandyPOS_Cashier" */;
			compatibilityVersion = "Xcode 3.2";
			developmentRegion = English;
			hasScannedForEncodings = 0;
			knownRegions = (
				en,
				Base,
			);
			mainGroup = 677370841B6AE99F00E0F020;
			productRefGroup = 6773708E1B6AE99F00E0F020 /* Products */;
			projectDirPath = "";
			projectRoot = "";
			targets = (
				6773708C1B6AE99F00E0F020 /* HandyPOS_Cashier */,
			);
		};
/* End PBXProject section */

/* Begin PBXResourcesBuildPhase section */
		6773708B1B6AE99F00E0F020 /* Resources */ = {
			isa = PBXResourcesBuildPhase;
			buildActionMask = 2147483647;
			files = (
				6790C5411B74749C0018AFA3 /* footer.txt in Resources */,
				677370A31B6AE99F00E0F020 /* LaunchScreen.storyboard in Resources */,
				677370A01B6AE99F00E0F020 /* Assets.xcassets in Resources */,
				6773709B1B6AE99F00E0F020 /* Main.storyboard in Resources */,
				676361161B6F5CA80095071F /* click.wav in Resources */,
			);
			runOnlyForDeploymentPostprocessing = 0;
		};
/* End PBXResourcesBuildPhase section */

/* Begin PBXShellScriptBuildPhase section */
		586C4629F4F7F0B8F2BAD6BF /* Check Pods Manifest.lock */ = {
			isa = PBXShellScriptBuildPhase;
			buildActionMask = 2147483647;
			files = (
			);
			inputPaths = (
			);
			name = "Check Pods Manifest.lock";
			outputPaths = (
			);
			runOnlyForDeploymentPostprocessing = 0;
			shellPath = /bin/sh;
			shellScript = "diff \"${PODS_ROOT}/../Podfile.lock\" \"${PODS_ROOT}/Manifest.lock\" > /dev/null\nif [[ $? != 0 ]] ; then\n    cat << EOM\nerror: The sandbox is not in sync with the Podfile.lock. Run 'pod install' or update your CocoaPods installation.\nEOM\n    exit 1\nfi\n";
			showEnvVarsInLog = 0;
		};
		E04361A2B762F02621D9261D /* Copy Pods Resources */ = {
			isa = PBXShellScriptBuildPhase;
			buildActionMask = 2147483647;
			files = (
			);
			inputPaths = (
			);
			name = "Copy Pods Resources";
			outputPaths = (
			);
			runOnlyForDeploymentPostprocessing = 0;
			shellPath = /bin/sh;
			shellScript = "\"${SRCROOT}/Pods/Target Support Files/Pods-HandyPOS_Cashier/Pods-HandyPOS_Cashier-resources.sh\"\n";
			showEnvVarsInLog = 0;
		};
/* End PBXShellScriptBuildPhase section */

/* Begin PBXSourcesBuildPhase section */
		677370891B6AE99F00E0F020 /* Sources */ = {
			isa = PBXSourcesBuildPhase;
			buildActionMask = 2147483647;
			files = (
				676361111B6F22A70095071F /* PayController.m in Sources */,
				677370981B6AE99F00E0F020 /* Home.m in Sources */,
				6773709E1B6AE99F00E0F020 /* HandyPOS_Cashier.xcdatamodeld in Sources */,
				677F4C8F1B705F0700FD39A9 /* Payment.m in Sources */,
				677370951B6AE99F00E0F020 /* AppDelegate.m in Sources */,
				673482851B6B052C000D3DE5 /* NetworkManager.m in Sources */,
				677370921B6AE99F00E0F020 /* main.m in Sources */,
				67A5A19C1B748A0E0043DE95 /* ReceiptPrinter.m in Sources */,
				678047F11B6B34D6001C1A21 /* Receipt.m in Sources */,
				677F4C891B70442600FD39A9 /* Helper.m in Sources */,
				677F4C8C1B705E3000FD39A9 /* Transaction.m in Sources */,
				67307FC41B6B13A800B9ED26 /* DBHelper.m in Sources */,
			);
			runOnlyForDeploymentPostprocessing = 0;
		};
/* End PBXSourcesBuildPhase section */

/* Begin PBXVariantGroup section */
		677370991B6AE99F00E0F020 /* Main.storyboard */ = {
			isa = PBXVariantGroup;
			children = (
				6773709A1B6AE99F00E0F020 /* Base */,
			);
			name = Main.storyboard;
			sourceTree = "<group>";
		};
		677370A11B6AE99F00E0F020 /* LaunchScreen.storyboard */ = {
			isa = PBXVariantGroup;
			children = (
				677370A21B6AE99F00E0F020 /* Base */,
			);
			name = LaunchScreen.storyboard;
			sourceTree = "<group>";
		};
/* End PBXVariantGroup section */

/* Begin XCBuildConfiguration section */
		677370A51B6AE99F00E0F020 /* Debug */ = {
			isa = XCBuildConfiguration;
			buildSettings = {
				ALWAYS_SEARCH_USER_PATHS = NO;
				CLANG_CXX_LANGUAGE_STANDARD = "gnu++0x";
				CLANG_CXX_LIBRARY = "libc++";
				CLANG_ENABLE_MODULES = YES;
				CLANG_ENABLE_OBJC_ARC = YES;
				CLANG_WARN_BOOL_CONVERSION = YES;
				CLANG_WARN_CONSTANT_CONVERSION = YES;
				CLANG_WARN_DIRECT_OBJC_ISA_USAGE = YES_ERROR;
				CLANG_WARN_EMPTY_BODY = YES;
				CLANG_WARN_ENUM_CONVERSION = YES;
				CLANG_WARN_INT_CONVERSION = YES;
				CLANG_WARN_OBJC_ROOT_CLASS = YES_ERROR;
				CLANG_WARN_UNREACHABLE_CODE = YES;
				CLANG_WARN__DUPLICATE_METHOD_MATCH = YES;
				"CODE_SIGN_IDENTITY[sdk=iphoneos*]" = "iPhone Developer";
				COPY_PHASE_STRIP = NO;
				DEBUG_INFORMATION_FORMAT = dwarf;
				ENABLE_BITCODE = NO;
				ENABLE_STRICT_OBJC_MSGSEND = YES;
				ENABLE_TESTABILITY = YES;
				GCC_C_LANGUAGE_STANDARD = gnu99;
				GCC_DYNAMIC_NO_PIC = NO;
				GCC_NO_COMMON_BLOCKS = YES;
				GCC_OPTIMIZATION_LEVEL = 0;
				GCC_PREPROCESSOR_DEFINITIONS = (
					"DEBUG=1",
					"$(inherited)",
				);
				GCC_WARN_64_TO_32_BIT_CONVERSION = YES;
				GCC_WARN_ABOUT_RETURN_TYPE = YES_ERROR;
				GCC_WARN_UNDECLARED_SELECTOR = YES;
				GCC_WARN_UNINITIALIZED_AUTOS = YES_AGGRESSIVE;
				GCC_WARN_UNUSED_FUNCTION = YES;
				GCC_WARN_UNUSED_VARIABLE = YES;
				IPHONEOS_DEPLOYMENT_TARGET = 9.0;
				LIBRARY_SEARCH_PATHS = (
					"$(inherited)",
					"$(SRCROOT)/Library/",
					"\"$(SRCROOT)/Library/",
				);
				MTL_ENABLE_DEBUG_INFO = YES;
				ONLY_ACTIVE_ARCH = YES;
				SDKROOT = iphoneos;
				TARGETED_DEVICE_FAMILY = "1,2";
			};
			name = Debug;
		};
		677370A61B6AE99F00E0F020 /* Release */ = {
			isa = XCBuildConfiguration;
			buildSettings = {
				ALWAYS_SEARCH_USER_PATHS = NO;
				CLANG_CXX_LANGUAGE_STANDARD = "gnu++0x";
				CLANG_CXX_LIBRARY = "libc++";
				CLANG_ENABLE_MODULES = YES;
				CLANG_ENABLE_OBJC_ARC = YES;
				CLANG_WARN_BOOL_CONVERSION = YES;
				CLANG_WARN_CONSTANT_CONVERSION = YES;
				CLANG_WARN_DIRECT_OBJC_ISA_USAGE = YES_ERROR;
				CLANG_WARN_EMPTY_BODY = YES;
				CLANG_WARN_ENUM_CONVERSION = YES;
				CLANG_WARN_INT_CONVERSION = YES;
				CLANG_WARN_OBJC_ROOT_CLASS = YES_ERROR;
				CLANG_WARN_UNREACHABLE_CODE = YES;
				CLANG_WARN__DUPLICATE_METHOD_MATCH = YES;
				"CODE_SIGN_IDENTITY[sdk=iphoneos*]" = "iPhone Developer";
				COPY_PHASE_STRIP = NO;
				DEBUG_INFORMATION_FORMAT = "dwarf-with-dsym";
				ENABLE_BITCODE = NO;
				ENABLE_NS_ASSERTIONS = NO;
				ENABLE_STRICT_OBJC_MSGSEND = YES;
				GCC_C_LANGUAGE_STANDARD = gnu99;
				GCC_NO_COMMON_BLOCKS = YES;
				GCC_WARN_64_TO_32_BIT_CONVERSION = YES;
				GCC_WARN_ABOUT_RETURN_TYPE = YES_ERROR;
				GCC_WARN_UNDECLARED_SELECTOR = YES;
				GCC_WARN_UNINITIALIZED_AUTOS = YES_AGGRESSIVE;
				GCC_WARN_UNUSED_FUNCTION = YES;
				GCC_WARN_UNUSED_VARIABLE = YES;
				IPHONEOS_DEPLOYMENT_TARGET = 9.0;
				MTL_ENABLE_DEBUG_INFO = NO;
				ONLY_ACTIVE_ARCH = YES;
				SDKROOT = iphoneos;
				TARGETED_DEVICE_FAMILY = "1,2";
				VALIDATE_PRODUCT = YES;
			};
			name = Release;
		};
		677370A81B6AE99F00E0F020 /* Debug */ = {
			isa = XCBuildConfiguration;
			baseConfigurationReference = 0AE6E57917E052ED17720F4B /* Pods-HandyPOS_Cashier.debug.xcconfig */;
			buildSettings = {
				ASSETCATALOG_COMPILER_APPICON_NAME = AppIcon;
				ASSETCATALOG_COMPILER_LAUNCHIMAGE_NAME = LaunchImage;
				CODE_SIGN_IDENTITY = "iPhone Developer";
				INFOPLIST_FILE = HandyPOS_Cashier/Info.plist;
				IPHONEOS_DEPLOYMENT_TARGET = 6.1;
				LD_RUNPATH_SEARCH_PATHS = "$(inherited) @executable_path/Frameworks";
				LIBRARY_SEARCH_PATHS = (
					"$(inherited)",
					"$(PROJECT_DIR)$(LOCAL_LIBRARY_DIR)",
				);
				PRODUCT_BUNDLE_IDENTIFIER = "POSCO.HandyPOS-Cashier";
				PRODUCT_NAME = "$(TARGET_NAME)";
			};
			name = Debug;
		};
		677370A91B6AE99F00E0F020 /* Release */ = {
			isa = XCBuildConfiguration;
			baseConfigurationReference = AB9760A341B71E67CB793568 /* Pods-HandyPOS_Cashier.release.xcconfig */;
			buildSettings = {
				ASSETCATALOG_COMPILER_APPICON_NAME = AppIcon;
				ASSETCATALOG_COMPILER_LAUNCHIMAGE_NAME = LaunchImage;
				CODE_SIGN_IDENTITY = "iPhone Developer";
				INFOPLIST_FILE = HandyPOS_Cashier/Info.plist;
				IPHONEOS_DEPLOYMENT_TARGET = 6.1;
				LD_RUNPATH_SEARCH_PATHS = "$(inherited) @executable_path/Frameworks";
				LIBRARY_SEARCH_PATHS = (
					"$(inherited)",
					"$(PROJECT_DIR)$(LOCAL_LIBRARY_DIR)",
				);
				PRODUCT_BUNDLE_IDENTIFIER = "POSCO.HandyPOS-Cashier";
				PRODUCT_NAME = "$(TARGET_NAME)";
			};
			name = Release;
		};
/* End XCBuildConfiguration section */

/* Begin XCConfigurationList section */
		677370881B6AE99F00E0F020 /* Build configuration list for PBXProject "HandyPOS_Cashier" */ = {
			isa = XCConfigurationList;
			buildConfigurations = (
				677370A51B6AE99F00E0F020 /* Debug */,
				677370A61B6AE99F00E0F020 /* Release */,
			);
			defaultConfigurationIsVisible = 0;
			defaultConfigurationName = Release;
		};
		677370A71B6AE99F00E0F020 /* Build configuration list for PBXNativeTarget "HandyPOS_Cashier" */ = {
			isa = XCConfigurationList;
			buildConfigurations = (
				677370A81B6AE99F00E0F020 /* Debug */,
				677370A91B6AE99F00E0F020 /* Release */,
			);
			defaultConfigurationIsVisible = 0;
			defaultConfigurationName = Release;
		};
/* End XCConfigurationList section */

/* Begin XCVersionGroup section */
		6773709C1B6AE99F00E0F020 /* HandyPOS_Cashier.xcdatamodeld */ = {
			isa = XCVersionGroup;
			children = (
				6773709D1B6AE99F00E0F020 /* HandyPOS_Cashier.xcdatamodel */,
			);
			currentVersion = 6773709D1B6AE99F00E0F020 /* HandyPOS_Cashier.xcdatamodel */;
			path = HandyPOS_Cashier.xcdatamodeld;
			sourceTree = "<group>";
			versionGroupType = wrapper.xcdatamodel;
		};
/* End XCVersionGroup section */
	};
	rootObject = 677370851B6AE99F00E0F020 /* Project object */;
}
